
Microsoft Visual Studio Solution File, Format Version 12.00
# Visual Studio 15
VisualStudioVersion = 15.0.26730.12
MinimumVisualStudioVersion = 10.0.40219.1
Project("{8BC9CEB8-8B4A-11D0-8D11-00A0C91BC942}") = "Glass2Animation", "Glass2Animation\Glass2Animation.vcxproj", "{0B995AED-638A-4237-8811-562E45E89792}"
EndProject
Global
	GlobalSection(SolutionConfigurationPlatforms) = preSolution
		Debug|x64 = Debug|x64
		Debug|x86 = Debug|x86
		Release|x64 = Release|x64
		Release|x86 = Release|x86
	EndGlobalSection
	GlobalSection(ProjectConfigurationPlatforms) = postSolution
		{0B995AED-638A-4237-8811-562E45E89792}.Debug|x64.ActiveCfg = Debug|x64
		{0B995AED-638A-4237-8811-562E45E89792}.Debug|x64.Build.0 = Debug|x64
		{0B995AED-638A-4237-8811-562E45E89792}.Debug|x86.ActiveCfg = Debug|Win32
		{0B995AED-638A-4237-8811-562E45E89792}.Debug|x86.Build.0 = Debug|Win32
		{0B995AED-638A-4237-8811-562E45E89792}.Release|x64.ActiveCfg = Release|x64
		{0B995AED-638A-4237-8811-562E45E89792}.Release|x64.Build.0 = Release|x64
		{0B995AED-638A-4237-8811-562E45E89792}.Release|x86.ActiveCfg = Release|Win32
		{0B995AED-638A-4237-8811-562E45E89792}.Release|x86.Build.0 = Release|Win32
	EndGlobalSection
	GlobalSection(SolutionProperties) = preSolution
		HideSolutionNode = FALSE
	EndGlobalSection
	GlobalSection(ExtensibilityGlobals) = postSolution
		SolutionGuid = {65AFE7B8-96C8-43BA-AF9E-B21422BEE46D}
	EndGlobalSection
EndGlobal
